
Microsoft Visual Studio Solution File, Format Version 12.00
# Visual Studio Version 16
VisualStudioVersion = 16.0.31424.327
MinimumVisualStudioVersion = 10.0.40219.1
Project("{FAE04EC0-301F-11D3-BF4B-00C04F79EFBC}") = "SolidPriciples", "SolidPriciples\SolidPriciples.csproj", "{777A6921-E901-44DD-8796-0AA8766E8851}"
EndProject
Global
	GlobalSection(SolutionConfigurationPlatforms) = preSolution
		Debug|Any CPU = Debug|Any CPU
		Release|Any CPU = Release|Any CPU
	EndGlobalSection
	GlobalSection(ProjectConfigurationPlatforms) = postSolution
		{777A6921-E901-44DD-8796-0AA8766E8851}.Debug|Any CPU.ActiveCfg = Debug|Any CPU
		{777A6921-E901-44DD-8796-0AA8766E8851}.Debug|Any CPU.Build.0 = Debug|Any CPU
		{777A6921-E901-44DD-8796-0AA8766E8851}.Release|Any CPU.ActiveCfg = Release|Any CPU
		{777A6921-E901-44DD-8796-0AA8766E8851}.Release|Any CPU.Build.0 = Release|Any CPU
	EndGlobalSection
	GlobalSection(SolutionProperties) = preSolution
		HideSolutionNode = FALSE
	EndGlobalSection
	GlobalSection(ExtensibilityGlobals) = postSolution
		SolutionGuid = {33C8567E-3BF1-48B3-B165-ECCFEDDE2B3E}
	EndGlobalSection
EndGlobal
